// !$*UTF8*$!
{
	archiveVersion = 1;
	classes = {
	};
	objectVersion = 46;
	objects = {

/* Begin PBXBuildFile section */
		9605673B14F2B23A00E07D5A /* UIKit.framework in Frameworks */ = {isa = PBXBuildFile; fileRef = 9605673A14F2B23A00E07D5A /* UIKit.framework */; };
		9605673D14F2B23A00E07D5A /* Foundation.framework in Frameworks */ = {isa = PBXBuildFile; fileRef = 9605673C14F2B23A00E07D5A /* Foundation.framework */; };
		9605673F14F2B23A00E07D5A /* CoreGraphics.framework in Frameworks */ = {isa = PBXBuildFile; fileRef = 9605673E14F2B23A00E07D5A /* CoreGraphics.framework */; };
		9605674514F2B23A00E07D5A /* InfoPlist.strings in Resources */ = {isa = PBXBuildFile; fileRef = 9605674314F2B23A00E07D5A /* InfoPlist.strings */; };
		9605674714F2B23A00E07D5A /* main.m in Sources */ = {isa = PBXBuildFile; fileRef = 9605674614F2B23A00E07D5A /* main.m */; };
		9605674B14F2B23A00E07D5A /* AppDelegate.m in Sources */ = {isa = PBXBuildFile; fileRef = 9605674A14F2B23A00E07D5A /* AppDelegate.m */; };
		9605674E14F2B23A00E07D5A /* ViewController.m in Sources */ = {isa = PBXBuildFile; fileRef = 9605674D14F2B23A00E07D5A /* ViewController.m */; };
		9605675114F2B23A00E07D5A /* ViewController.xib in Resources */ = {isa = PBXBuildFile; fileRef = 9605674F14F2B23A00E07D5A /* ViewController.xib */; };
		9605675914F2B26800E07D5A /* TWClearTableViewController.m in Sources */ = {isa = PBXBuildFile; fileRef = 9605675814F2B26800E07D5A /* TWClearTableViewController.m */; };
		9605675C14F2B5EC00E07D5A /* TWClearTableViewCell.m in Sources */ = {isa = PBXBuildFile; fileRef = 9605675B14F2B5EC00E07D5A /* TWClearTableViewCell.m */; };
		9605676A14F2B87900E07D5A /* UIFont+FT.m in Sources */ = {isa = PBXBuildFile; fileRef = 9605676314F2B87800E07D5A /* UIFont+FT.m */; };
		9605676B14F2B87900E07D5A /* Color+FT.m in Sources */ = {isa = PBXBuildFile; fileRef = 9605676514F2B87800E07D5A /* Color+FT.m */; };
		9605676C14F2B87900E07D5A /* Constant.m in Sources */ = {isa = PBXBuildFile; fileRef = 9605676714F2B87900E07D5A /* Constant.m */; };
		9605676D14F2B87900E07D5A /* UIView+FT.m in Sources */ = {isa = PBXBuildFile; fileRef = 9605676914F2B87900E07D5A /* UIView+FT.m */; };
/* End PBXBuildFile section */

/* Begin PBXFileReference section */
		9605673614F2B23A00E07D5A /* TWClear.app */ = {isa = PBXFileReference; explicitFileType = wrapper.application; includeInIndex = 0; path = TWClear.app; sourceTree = BUILT_PRODUCTS_DIR; };
		9605673A14F2B23A00E07D5A /* UIKit.framework */ = {isa = PBXFileReference; lastKnownFileType = wrapper.framework; name = UIKit.framework; path = System/Library/Frameworks/UIKit.framework; sourceTree = SDKROOT; };
		9605673C14F2B23A00E07D5A /* Foundation.framework */ = {isa = PBXFileReference; lastKnownFileType = wrapper.framework; name = Foundation.framework; path = System/Library/Frameworks/Foundation.framework; sourceTree = SDKROOT; };
		9605673E14F2B23A00E07D5A /* CoreGraphics.framework */ = {isa = PBXFileReference; lastKnownFileType = wrapper.framework; name = CoreGraphics.framework; path = System/Library/Frameworks/CoreGraphics.framework; sourceTree = SDKROOT; };
		9605674214F2B23A00E07D5A /* TWClear-Info.plist */ = {isa = PBXFileReference; lastKnownFileType = text.plist.xml; path = "TWClear-Info.plist"; sourceTree = "<group>"; };
		9605674414F2B23A00E07D5A /* en */ = {isa = PBXFileReference; lastKnownFileType = text.plist.strings; name = en; path = en.lproj/InfoPlist.strings; sourceTree = "<group>"; };
		9605674614F2B23A00E07D5A /* main.m */ = {isa = PBXFileReference; lastKnownFileType = sourcecode.c.objc; path = main.m; sourceTree = "<group>"; };
		9605674814F2B23A00E07D5A /* TWClear-Prefix.pch */ = {isa = PBXFileReference; lastKnownFileType = sourcecode.c.h; path = "TWClear-Prefix.pch"; sourceTree = "<group>"; };
		9605674914F2B23A00E07D5A /* AppDelegate.h */ = {isa = PBXFileReference; lastKnownFileType = sourcecode.c.h; path = AppDelegate.h; sourceTree = "<group>"; };
		9605674A14F2B23A00E07D5A /* AppDelegate.m */ = {isa = PBXFileReference; lastKnownFileType = sourcecode.c.objc; path = AppDelegate.m; sourceTree = "<group>"; };
		9605674C14F2B23A00E07D5A /* ViewController.h */ = {isa = PBXFileReference; lastKnownFileType = sourcecode.c.h; path = ViewController.h; sourceTree = "<group>"; };
		9605674D14F2B23A00E07D5A /* ViewController.m */ = {isa = PBXFileReference; lastKnownFileType = sourcecode.c.objc; path = ViewController.m; sourceTree = "<group>"; };
		9605675014F2B23A00E07D5A /* en */ = {isa = PBXFileReference; lastKnownFileType = file.xib; name = en; path = en.lproj/ViewController.xib; sourceTree = "<group>"; };
		9605675714F2B26800E07D5A /* TWClearTableViewController.h */ = {isa = PBXFileReference; fileEncoding = 4; lastKnownFileType = sourcecode.c.h; path = TWClearTableViewController.h; sourceTree = "<group>"; };
		9605675814F2B26800E07D5A /* TWClearTableViewController.m */ = {isa = PBXFileReference; fileEncoding = 4; lastKnownFileType = sourcecode.c.objc; path = TWClearTableViewController.m; sourceTree = "<group>"; };
		9605675A14F2B5EC00E07D5A /* TWClearTableViewCell.h */ = {isa = PBXFileReference; fileEncoding = 4; lastKnownFileType = sourcecode.c.h; path = TWClearTableViewCell.h; sourceTree = "<group>"; };
		9605675B14F2B5EC00E07D5A /* TWClearTableViewCell.m */ = {isa = PBXFileReference; fileEncoding = 4; lastKnownFileType = sourcecode.c.objc; path = TWClearTableViewCell.m; sourceTree = "<group>"; };
		9605676214F2B87800E07D5A /* UIFont+FT.h */ = {isa = PBXFileReference; fileEncoding = 4; lastKnownFileType = sourcecode.c.h; path = "UIFont+FT.h"; sourceTree = "<group>"; };
		9605676314F2B87800E07D5A /* UIFont+FT.m */ = {isa = PBXFileReference; fileEncoding = 4; lastKnownFileType = sourcecode.c.objc; path = "UIFont+FT.m"; sourceTree = "<group>"; };
		9605676414F2B87800E07D5A /* Color+FT.h */ = {isa = PBXFileReference; fileEncoding = 4; lastKnownFileType = sourcecode.c.h; path = "Color+FT.h"; sourceTree = "<group>"; };
		9605676514F2B87800E07D5A /* Color+FT.m */ = {isa = PBXFileReference; fileEncoding = 4; lastKnownFileType = sourcecode.c.objc; path = "Color+FT.m"; sourceTree = "<group>"; };
		9605676614F2B87800E07D5A /* Constant.h */ = {isa = PBXFileReference; fileEncoding = 4; lastKnownFileType = sourcecode.c.h; path = Constant.h; sourceTree = "<group>"; };
		9605676714F2B87900E07D5A /* Constant.m */ = {isa = PBXFileReference; fileEncoding = 4; lastKnownFileType = sourcecode.c.objc; path = Constant.m; sourceTree = "<group>"; };
		9605676814F2B87900E07D5A /* UIView+FT.h */ = {isa = PBXFileReference; fileEncoding = 4; lastKnownFileType = sourcecode.c.h; path = "UIView+FT.h"; sourceTree = "<group>"; };
		9605676914F2B87900E07D5A /* UIView+FT.m */ = {isa = PBXFileReference; fileEncoding = 4; lastKnownFileType = sourcecode.c.objc; path = "UIView+FT.m"; sourceTree = "<group>"; };
/* End PBXFileReference section */

/* Begin PBXFrameworksBuildPhase section */
		9605673314F2B23A00E07D5A /* Frameworks */ = {
			isa = PBXFrameworksBuildPhase;
			buildActionMask = 2147483647;
			files = (
				9605673B14F2B23A00E07D5A /* UIKit.framework in Frameworks */,
				9605673D14F2B23A00E07D5A /* Foundation.framework in Frameworks */,
				9605673F14F2B23A00E07D5A /* CoreGraphics.framework in Frameworks */,
			);
			runOnlyForDeploymentPostprocessing = 0;
		};
/* End PBXFrameworksBuildPhase section */

/* Begin PBXGroup section */
		9605672B14F2B23A00E07D5A = {
			isa = PBXGroup;
			children = (
				9605676214F2B87800E07D5A /* UIFont+FT.h */,
				9605676314F2B87800E07D5A /* UIFont+FT.m */,
				9605676414F2B87800E07D5A /* Color+FT.h */,
				9605676514F2B87800E07D5A /* Color+FT.m */,
				9605676614F2B87800E07D5A /* Constant.h */,
				9605676714F2B87900E07D5A /* Constant.m */,
				9605676814F2B87900E07D5A /* UIView+FT.h */,
				9605676914F2B87900E07D5A /* UIView+FT.m */,
				9605675A14F2B5EC00E07D5A /* TWClearTableViewCell.h */,
				9605675B14F2B5EC00E07D5A /* TWClearTableViewCell.m */,
				9605675714F2B26800E07D5A /* TWClearTableViewController.h */,
				9605675814F2B26800E07D5A /* TWClearTableViewController.m */,
				9605674014F2B23A00E07D5A /* TWClear */,
				9605673914F2B23A00E07D5A /* Frameworks */,
				9605673714F2B23A00E07D5A /* Products */,
			);
			sourceTree = "<group>";
		};
		9605673714F2B23A00E07D5A /* Products */ = {
			isa = PBXGroup;
			children = (
				9605673614F2B23A00E07D5A /* TWClear.app */,
			);
			name = Products;
			sourceTree = "<group>";
		};
		9605673914F2B23A00E07D5A /* Frameworks */ = {
			isa = PBXGroup;
			children = (
				9605673A14F2B23A00E07D5A /* UIKit.framework */,
				9605673C14F2B23A00E07D5A /* Foundation.framework */,
				9605673E14F2B23A00E07D5A /* CoreGraphics.framework */,
			);
			name = Frameworks;
			sourceTree = "<group>";
		};
		9605674014F2B23A00E07D5A /* TWClear */ = {
			isa = PBXGroup;
			children = (
				9605674914F2B23A00E07D5A /* AppDelegate.h */,
				9605674A14F2B23A00E07D5A /* AppDelegate.m */,
				9605674C14F2B23A00E07D5A /* ViewController.h */,
				9605674D14F2B23A00E07D5A /* ViewController.m */,
				9605674F14F2B23A00E07D5A /* ViewController.xib */,
				9605674114F2B23A00E07D5A /* Supporting Files */,
			);
			path = TWClear;
			sourceTree = "<group>";
		};
		9605674114F2B23A00E07D5A /* Supporting Files */ = {
			isa = PBXGroup;
			children = (
				9605674214F2B23A00E07D5A /* TWClear-Info.plist */,
				9605674314F2B23A00E07D5A /* InfoPlist.strings */,
				9605674614F2B23A00E07D5A /* main.m */,
				9605674814F2B23A00E07D5A /* TWClear-Prefix.pch */,
			);
			name = "Supporting Files";
			sourceTree = "<group>";
		};
/* End PBXGroup section */

/* Begin PBXNativeTarget section */
		9605673514F2B23A00E07D5A /* TWClear */ = {
			isa = PBXNativeTarget;
			buildConfigurationList = 9605675414F2B23A00E07D5A /* Build configuration list for PBXNativeTarget "TWClear" */;
			buildPhases = (
				9605673214F2B23A00E07D5A /* Sources */,
				9605673314F2B23A00E07D5A /* Frameworks */,
				9605673414F2B23A00E07D5A /* Resources */,
			);
			buildRules = (
			);
			dependencies = (
			);
			name = TWClear;
			productName = TWClear;
			productReference = 9605673614F2B23A00E07D5A /* TWClear.app */;
			productType = "com.apple.product-type.application";
		};
/* End PBXNativeTarget section */

/* Begin PBXProject section */
		9605672D14F2B23A00E07D5A /* Project object */ = {
			isa = PBXProject;
			attributes = {
				LastUpgradeCheck = 0430;
				ORGANIZATIONNAME = "bathanh@gmail.com";
			};
			buildConfigurationList = 9605673014F2B23A00E07D5A /* Build configuration list for PBXProject "TWClear" */;
			compatibilityVersion = "Xcode 3.2";
			developmentRegion = English;
			hasScannedForEncodings = 0;
			knownRegions = (
				en,
			);
			mainGroup = 9605672B14F2B23A00E07D5A;
			productRefGroup = 9605673714F2B23A00E07D5A /* Products */;
			projectDirPath = "";
			projectRoot = "";
			targets = (
				9605673514F2B23A00E07D5A /* TWClear */,
			);
		};
/* End PBXProject section */

/* Begin PBXResourcesBuildPhase section */
		9605673414F2B23A00E07D5A /* Resources */ = {
			isa = PBXResourcesBuildPhase;
			buildActionMask = 2147483647;
			files = (
				9605674514F2B23A00E07D5A /* InfoPlist.strings in Resources */,
				9605675114F2B23A00E07D5A /* ViewController.xib in Resources */,
			);
			runOnlyForDeploymentPostprocessing = 0;
		};
/* End PBXResourcesBuildPhase section */

/* Begin PBXSourcesBuildPhase section */
		9605673214F2B23A00E07D5A /* Sources */ = {
			isa = PBXSourcesBuildPhase;
			buildActionMask = 2147483647;
			files = (
				9605674714F2B23A00E07D5A /* main.m in Sources */,
				9605674B14F2B23A00E07D5A /* AppDelegate.m in Sources */,
				9605674E14F2B23A00E07D5A /* ViewController.m in Sources */,
				9605675914F2B26800E07D5A /* TWClearTableViewController.m in Sources */,
				9605675C14F2B5EC00E07D5A /* TWClearTableViewCell.m in Sources */,
				9605676A14F2B87900E07D5A /* UIFont+FT.m in Sources */,
				9605676B14F2B87900E07D5A /* Color+FT.m in Sources */,
				9605676C14F2B87900E07D5A /* Constant.m in Sources */,
				9605676D14F2B87900E07D5A /* UIView+FT.m in Sources */,
			);
			runOnlyForDeploymentPostprocessing = 0;
		};
/* End PBXSourcesBuildPhase section */

/* Begin PBXVariantGroup section */
		9605674314F2B23A00E07D5A /* InfoPlist.strings */ = {
			isa = PBXVariantGroup;
			children = (
				9605674414F2B23A00E07D5A /* en */,
			);
			name = InfoPlist.strings;
			sourceTree = "<group>";
		};
		9605674F14F2B23A00E07D5A /* ViewController.xib */ = {
			isa = PBXVariantGroup;
			children = (
				9605675014F2B23A00E07D5A /* en */,
			);
			name = ViewController.xib;
			sourceTree = "<group>";
		};
/* End PBXVariantGroup section */

/* Begin XCBuildConfiguration section */
		9605675214F2B23A00E07D5A /* Debug */ = {
			isa = XCBuildConfiguration;
			buildSettings = {
				ALWAYS_SEARCH_USER_PATHS = NO;
				ARCHS = "$(ARCHS_STANDARD_32_BIT)";
				CLANG_ENABLE_OBJC_ARC = YES;
				"CODE_SIGN_IDENTITY[sdk=iphoneos*]" = "iPhone Developer";
				COPY_PHASE_STRIP = NO;
				GCC_C_LANGUAGE_STANDARD = gnu99;
				GCC_DYNAMIC_NO_PIC = NO;
				GCC_OPTIMIZATION_LEVEL = 0;
				GCC_PREPROCESSOR_DEFINITIONS = (
					"DEBUG=1",
					"$(inherited)",
				);
				GCC_SYMBOLS_PRIVATE_EXTERN = NO;
				GCC_VERSION = com.apple.compilers.llvm.clang.1_0;
				GCC_WARN_ABOUT_RETURN_TYPE = YES;
				GCC_WARN_UNINITIALIZED_AUTOS = YES;
				GCC_WARN_UNUSED_VARIABLE = YES;
				IPHONEOS_DEPLOYMENT_TARGET = 5.0;
				SDKROOT = iphoneos;
			};
			name = Debug;
		};
		9605675314F2B23A00E07D5A /* Release */ = {
			isa = XCBuildConfiguration;
			buildSettings = {
				ALWAYS_SEARCH_USER_PATHS = NO;
				ARCHS = "$(ARCHS_STANDARD_32_BIT)";
				CLANG_ENABLE_OBJC_ARC = YES;
				"CODE_SIGN_IDENTITY[sdk=iphoneos*]" = "iPhone Developer";
				COPY_PHASE_STRIP = YES;
				GCC_C_LANGUAGE_STANDARD = gnu99;
				GCC_VERSION = com.apple.compilers.llvm.clang.1_0;
				GCC_WARN_ABOUT_RETURN_TYPE = YES;
				GCC_WARN_UNINITIALIZED_AUTOS = YES;
				GCC_WARN_UNUSED_VARIABLE = YES;
				IPHONEOS_DEPLOYMENT_TARGET = 5.0;
				OTHER_CFLAGS = "-DNS_BLOCK_ASSERTIONS=1";
				SDKROOT = iphoneos;
				VALIDATE_PRODUCT = YES;
			};
			name = Release;
		};
		9605675514F2B23A00E07D5A /* Debug */ = {
			isa = XCBuildConfiguration;
			buildSettings = {
				GCC_PRECOMPILE_PREFIX_HEADER = YES;
				GCC_PREFIX_HEADER = "TWClear/TWClear-Prefix.pch";
				INFOPLIST_FILE = "TWClear/TWClear-Info.plist";
				PRODUCT_NAME = "$(TARGET_NAME)";
				WRAPPER_EXTENSION = app;
			};
			name = Debug;
		};
		9605675614F2B23A00E07D5A /* Release */ = {
			isa = XCBuildConfiguration;
			buildSettings = {
				GCC_PRECOMPILE_PREFIX_HEADER = YES;
				GCC_PREFIX_HEADER = "TWClear/TWClear-Prefix.pch";
				INFOPLIST_FILE = "TWClear/TWClear-Info.plist";
				PRODUCT_NAME = "$(TARGET_NAME)";
				WRAPPER_EXTENSION = app;
			};
			name = Release;
		};
/* End XCBuildConfiguration section */

/* Begin XCConfigurationList section */
		9605673014F2B23A00E07D5A /* Build configuration list for PBXProject "TWClear" */ = {
			isa = XCConfigurationList;
			buildConfigurations = (
				9605675214F2B23A00E07D5A /* Debug */,
				9605675314F2B23A00E07D5A /* Release */,
			);
			defaultConfigurationIsVisible = 0;
			defaultConfigurationName = Release;
		};
		9605675414F2B23A00E07D5A /* Build configuration list for PBXNativeTarget "TWClear" */ = {
			isa = XCConfigurationList;
			buildConfigurations = (
				9605675514F2B23A00E07D5A /* Debug */,
				9605675614F2B23A00E07D5A /* Release */,
			);
			defaultConfigurationIsVisible = 0;
		};
/* End XCConfigurationList section */
	};
	rootObject = 9605672D14F2B23A00E07D5A /* Project object */;
}
